
Microsoft Visual Studio Solution File, Format Version 12.00
# Visual Studio Version 17
VisualStudioVersion = 17.3.32929.385
MinimumVisualStudioVersion = 10.0.40219.1
Project("{FAE04EC0-301F-11D3-BF4B-00C04F79EFBC}") = "pallindrome", "pallindrome\pallindrome.csproj", "{B3A0A24B-A20D-4683-898F-63F0838AF460}"
EndProject
Global
	GlobalSection(SolutionConfigurationPlatforms) = preSolution
		Debug|Any CPU = Debug|Any CPU
		Release|Any CPU = Release|Any CPU
	EndGlobalSection
	GlobalSection(ProjectConfigurationPlatforms) = postSolution
		{B3A0A24B-A20D-4683-898F-63F0838AF460}.Debug|Any CPU.ActiveCfg = Debug|Any CPU
		{B3A0A24B-A20D-4683-898F-63F0838AF460}.Debug|Any CPU.Build.0 = Debug|Any CPU
		{B3A0A24B-A20D-4683-898F-63F0838AF460}.Release|Any CPU.ActiveCfg = Release|Any CPU
		{B3A0A24B-A20D-4683-898F-63F0838AF460}.Release|Any CPU.Build.0 = Release|Any CPU
	EndGlobalSection
	GlobalSection(SolutionProperties) = preSolution
		HideSolutionNode = FALSE
	EndGlobalSection
	GlobalSection(ExtensibilityGlobals) = postSolution
		SolutionGuid = {6897B528-F583-462C-9ED2-A3EA589C690B}
	EndGlobalSection
EndGlobal
