
Microsoft Visual Studio Solution File, Format Version 12.00
# Visual Studio Version 17
VisualStudioVersion = 17.3.32929.385
MinimumVisualStudioVersion = 10.0.40219.1
Project("{FAE04EC0-301F-11D3-BF4B-00C04F79EFBC}") = "factorial", "factorial\factorial.csproj", "{42EE39AF-0397-4E60-8226-10307DCEF81A}"
EndProject
Global
	GlobalSection(SolutionConfigurationPlatforms) = preSolution
		Debug|Any CPU = Debug|Any CPU
		Release|Any CPU = Release|Any CPU
	EndGlobalSection
	GlobalSection(ProjectConfigurationPlatforms) = postSolution
		{42EE39AF-0397-4E60-8226-10307DCEF81A}.Debug|Any CPU.ActiveCfg = Debug|Any CPU
		{42EE39AF-0397-4E60-8226-10307DCEF81A}.Debug|Any CPU.Build.0 = Debug|Any CPU
		{42EE39AF-0397-4E60-8226-10307DCEF81A}.Release|Any CPU.ActiveCfg = Release|Any CPU
		{42EE39AF-0397-4E60-8226-10307DCEF81A}.Release|Any CPU.Build.0 = Release|Any CPU
	EndGlobalSection
	GlobalSection(SolutionProperties) = preSolution
		HideSolutionNode = FALSE
	EndGlobalSection
	GlobalSection(ExtensibilityGlobals) = postSolution
		SolutionGuid = {213F0094-FDBF-4643-91DC-15781CFFDA2C}
	EndGlobalSection
EndGlobal
